<Solution>
  <Folder Name="/samples/">
    <Project Path="samples/OpenTok.Sample.WinUI/OpenTok.Sample.WinUI.csproj">
      <Platform Project="x64" />
    </Project>
  </Folder>
  <Folder Name="/src/">
    <Project Path="src/OpenTok.Net.Windows/OpenTok.Net.Windows.csproj" />
  </Folder>
  <Folder Name="/tests/">
    <Project Path="tests/OpenTok.Net.Windows.PackageTests/OpenTok.Net.Windows.PackageTests.csproj" />
    <Project Path="tests/OpenTok.Net.Windows.UnitTests/OpenTok.Net.Windows.UnitTests.csproj" />
  </Folder>
</Solution>
